
Microsoft Visual Studio Solution File, Format Version 12.00
# Visual Studio 14
VisualStudioVersion = 14.0.25123.0
MinimumVisualStudioVersion = 10.0.40219.1
Project("{5DB49706-6E08-4A6A-B611-36F5CF9BDBBD}") = "Sitecore.Support.429040", "Sitecore.Support.429040\Sitecore.Support.429040.csproj", "{1F364927-52A2-449E-9AB9-24661630DED2}"
EndProject
Global
	GlobalSection(SolutionConfigurationPlatforms) = preSolution
		Debug|Any CPU = Debug|Any CPU
		Release|Any CPU = Release|Any CPU
	EndGlobalSection
	GlobalSection(ProjectConfigurationPlatforms) = postSolution
		{1F364927-52A2-449E-9AB9-24661630DED2}.Debug|Any CPU.ActiveCfg = Debug|Any CPU
		{1F364927-52A2-449E-9AB9-24661630DED2}.Debug|Any CPU.Build.0 = Debug|Any CPU
		{1F364927-52A2-449E-9AB9-24661630DED2}.Release|Any CPU.ActiveCfg = Release|Any CPU
		{1F364927-52A2-449E-9AB9-24661630DED2}.Release|Any CPU.Build.0 = Release|Any CPU
	EndGlobalSection
	GlobalSection(SolutionProperties) = preSolution
		HideSolutionNode = FALSE
	EndGlobalSection
EndGlobal
